
Microsoft Visual Studio Solution File, Format Version 12.00
# Visual Studio 15
VisualStudioVersion = 15.0.27428.2011
MinimumVisualStudioVersion = 10.0.40219.1
Project("{FAE04EC0-301F-11D3-BF4B-00C04F79EFBC}") = "SeaFighter", "SeaFighter\SeaFighter.csproj", "{9EEC4B8E-01F4-44D9-81F2-45BEAB35B54A}"
EndProject
Global
	GlobalSection(SolutionConfigurationPlatforms) = preSolution
		Debug|Any CPU = Debug|Any CPU
		Release|Any CPU = Release|Any CPU
	EndGlobalSection
	GlobalSection(ProjectConfigurationPlatforms) = postSolution
		{9EEC4B8E-01F4-44D9-81F2-45BEAB35B54A}.Debug|Any CPU.ActiveCfg = Debug|Any CPU
		{9EEC4B8E-01F4-44D9-81F2-45BEAB35B54A}.Debug|Any CPU.Build.0 = Debug|Any CPU
		{9EEC4B8E-01F4-44D9-81F2-45BEAB35B54A}.Release|Any CPU.ActiveCfg = Release|Any CPU
		{9EEC4B8E-01F4-44D9-81F2-45BEAB35B54A}.Release|Any CPU.Build.0 = Release|Any CPU
	EndGlobalSection
	GlobalSection(SolutionProperties) = preSolution
		HideSolutionNode = FALSE
	EndGlobalSection
	GlobalSection(ExtensibilityGlobals) = postSolution
		SolutionGuid = {A4FF3234-71E7-48D9-9E18-7288DCBCDCF0}
	EndGlobalSection
EndGlobal
